
Microsoft Visual Studio Solution File, Format Version 12.00
# Visual Studio Version 17
VisualStudioVersion = 17.14.36511.14
MinimumVisualStudioVersion = 10.0.40219.1
Project("{FAE04EC0-301F-11D3-BF4B-00C04F79EFBC}") = "CS-409", "CS-409.csproj", "{96D677B7-CB5F-4825-9293-1171C8A29FBC}"
EndProject
Global
	GlobalSection(SolutionConfigurationPlatforms) = preSolution
		Debug|Any CPU = Debug|Any CPU
		Release|Any CPU = Release|Any CPU
	EndGlobalSection
	GlobalSection(ProjectConfigurationPlatforms) = postSolution
		{96D677B7-CB5F-4825-9293-1171C8A29FBC}.Debug|Any CPU.ActiveCfg = Debug|Any CPU
		{96D677B7-CB5F-4825-9293-1171C8A29FBC}.Debug|Any CPU.Build.0 = Debug|Any CPU
		{96D677B7-CB5F-4825-9293-1171C8A29FBC}.Release|Any CPU.ActiveCfg = Release|Any CPU
		{96D677B7-CB5F-4825-9293-1171C8A29FBC}.Release|Any CPU.Build.0 = Release|Any CPU
	EndGlobalSection
	GlobalSection(SolutionProperties) = preSolution
		HideSolutionNode = FALSE
	EndGlobalSection
	GlobalSection(ExtensibilityGlobals) = postSolution
		SolutionGuid = {7C224B52-82B2-414A-97C8-3E3EAA38118C}
	EndGlobalSection
EndGlobal
